
Microsoft Visual Studio Solution File, Format Version 11.00
# Visual Studio 2010
Project("{FAE04EC0-301F-11D3-BF4B-00C04F79EFBC}") = "LsEditor", "LsEditor\LsEditor.csproj", "{EC8E805A-F7F6-4CCF-A1EB-99BA67310B71}"
EndProject
Global
	GlobalSection(SolutionConfigurationPlatforms) = preSolution
		Debug|Any CPU = Debug|Any CPU
		Release|Any CPU = Release|Any CPU
	EndGlobalSection
	GlobalSection(ProjectConfigurationPlatforms) = postSolution
		{EC8E805A-F7F6-4CCF-A1EB-99BA67310B71}.Debug|Any CPU.ActiveCfg = Debug|Any CPU
		{EC8E805A-F7F6-4CCF-A1EB-99BA67310B71}.Debug|Any CPU.Build.0 = Debug|Any CPU
		{EC8E805A-F7F6-4CCF-A1EB-99BA67310B71}.Release|Any CPU.ActiveCfg = Release|Any CPU
		{EC8E805A-F7F6-4CCF-A1EB-99BA67310B71}.Release|Any CPU.Build.0 = Release|Any CPU
	EndGlobalSection
	GlobalSection(SolutionProperties) = preSolution
		HideSolutionNode = FALSE
	EndGlobalSection
EndGlobal
